github.com/turboezh/submodules/b/v2 v2.0.0 h1:tj9RvAO6CGGXPagVyg0NYxh74xrZlO/tJWyVSktmD8o=
github.com/turboezh/submodules/b/v2 v2.0.0/go.mod h1:HdmVaWnTkAWLnGq5Z2jUi+GceQSlNN09lejA+58sE1c=
github.com/turboezh/submodules/b/v2 v2.0.1 h1:Mg4EFovZPYBmqa3/gx43x/0exThGIwYCUFfU85acyRw=
github.com/turboezh/submodules/b/v2 v2.0.1/go.mod h1:HdmVaWnTkAWLnGq5Z2jUi+GceQSlNN09lejA+58sE1c=
